
Microsoft Visual Studio Solution File, Format Version 12.00
# Visual Studio 14
VisualStudioVersion = 14.0.25420.1
MinimumVisualStudioVersion = 10.0.40219.1
Project("{FAE04EC0-301F-11D3-BF4B-00C04F79EFBC}") = "CopySharp.BusinessLogic", "CopySharp.BusinessLogic\CopySharp.BusinessLogic.csproj", "{5EE2D169-BB64-46EB-80F7-05A377D7C4F3}"
EndProject
Project("{FAE04EC0-301F-11D3-BF4B-00C04F79EFBC}") = "CopySharp.Console", "CopySharp.Console\CopySharp.Console.csproj", "{FA759CD0-2C5D-4761-862B-2B7E421D4DBB}"
EndProject
Project("{2150E333-8FDC-42A3-9474-1A3956D46DE8}") = "Solution items", "Solution items", "{C6EA2998-13ED-4C25-97F4-780EF2DB25BD}"
	ProjectSection(SolutionItems) = preProject
		Solution items\CompareIcon.ico = Solution items\CompareIcon.ico
		LICENSE.txt = LICENSE.txt
		README.md = README.md
	EndProjectSection
EndProject
Global
	GlobalSection(SolutionConfigurationPlatforms) = preSolution
		Debug|Any CPU = Debug|Any CPU
		Debug|x86 = Debug|x86
		Release|Any CPU = Release|Any CPU
		Release|x86 = Release|x86
	EndGlobalSection
	GlobalSection(ProjectConfigurationPlatforms) = postSolution
		{5EE2D169-BB64-46EB-80F7-05A377D7C4F3}.Debug|Any CPU.ActiveCfg = Debug|Any CPU
		{5EE2D169-BB64-46EB-80F7-05A377D7C4F3}.Debug|Any CPU.Build.0 = Debug|Any CPU
		{5EE2D169-BB64-46EB-80F7-05A377D7C4F3}.Debug|x86.ActiveCfg = Debug|Any CPU
		{5EE2D169-BB64-46EB-80F7-05A377D7C4F3}.Debug|x86.Build.0 = Debug|Any CPU
		{5EE2D169-BB64-46EB-80F7-05A377D7C4F3}.Release|Any CPU.ActiveCfg = Release|Any CPU
		{5EE2D169-BB64-46EB-80F7-05A377D7C4F3}.Release|Any CPU.Build.0 = Release|Any CPU
		{5EE2D169-BB64-46EB-80F7-05A377D7C4F3}.Release|x86.ActiveCfg = Release|Any CPU
		{5EE2D169-BB64-46EB-80F7-05A377D7C4F3}.Release|x86.Build.0 = Release|Any CPU
		{FA759CD0-2C5D-4761-862B-2B7E421D4DBB}.Debug|Any CPU.ActiveCfg = Debug|Any CPU
		{FA759CD0-2C5D-4761-862B-2B7E421D4DBB}.Debug|Any CPU.Build.0 = Debug|Any CPU
		{FA759CD0-2C5D-4761-862B-2B7E421D4DBB}.Debug|x86.ActiveCfg = Debug|Any CPU
		{FA759CD0-2C5D-4761-862B-2B7E421D4DBB}.Debug|x86.Build.0 = Debug|Any CPU
		{FA759CD0-2C5D-4761-862B-2B7E421D4DBB}.Release|Any CPU.ActiveCfg = Release|Any CPU
		{FA759CD0-2C5D-4761-862B-2B7E421D4DBB}.Release|Any CPU.Build.0 = Release|Any CPU
		{FA759CD0-2C5D-4761-862B-2B7E421D4DBB}.Release|x86.ActiveCfg = Release|Any CPU
		{FA759CD0-2C5D-4761-862B-2B7E421D4DBB}.Release|x86.Build.0 = Release|Any CPU
	EndGlobalSection
	GlobalSection(SolutionProperties) = preSolution
		HideSolutionNode = FALSE
	EndGlobalSection
EndGlobal
